{
  "name": "PERN-project",
  "lockfileVersion": 3,
  "requires": true,
  "packages": {
    "": {
      "dependencies": {
        "@tanstack/react-query": "^5.62.3",
        "@tanstack/react-query-devtools": "^5.62.3"
      }
    },
    "node_modules/@tanstack/query-core": {
      "version": "5.62.3",
      "resolved": "https://registry.npmjs.org/@tanstack/query-core/-/query-core-5.62.3.tgz",
      "integrity": "sha512-Jp/nYoz8cnO7kqhOlSv8ke/0MJRJVGuZ0P/JO9KQ+f45mpN90hrerzavyTKeSoT/pOzeoOUkv1Xd0wPsxAWXfg==",
      "license": "MIT",
      "funding": {
        "type": "github",
        "url": "https://github.com/sponsors/tannerlinsley"
      }
    },
    "node_modules/@tanstack/query-devtools": {
      "version": "5.61.4",
      "resolved": "https://registry.npmjs.org/@tanstack/query-devtools/-/query-devtools-5.61.4.tgz",
      "integrity": "sha512-21Tw+u8E3IJJj4A/Bct4H0uBaDTEu7zBrR79FeSyY+mS2gx5/m316oDtJiKkILc819VSTYt+sFzODoJNcpPqZQ==",
      "license": "MIT",
      "funding": {
        "type": "github",
        "url": "https://github.com/sponsors/tannerlinsley"
      }
    },
    "node_modules/@tanstack/react-query": {
      "version": "5.62.3",
      "resolved": "https://registry.npmjs.org/@tanstack/react-query/-/react-query-5.62.3.tgz",
      "integrity": "sha512-y2zDNKuhgiuMgsKkqd4AcsLIBiCfEO8U11AdrtAUihmLbRNztPrlcZqx2lH1GacZsx+y1qRRbCcJLYTtF1vKsw==",
      "license": "MIT",
      "dependencies": {
        "@tanstack/query-core": "5.62.3"
      },
      "funding": {
        "type": "github",
        "url": "https://github.com/sponsors/tannerlinsley"
      },
      "peerDependencies": {
        "react": "^18 || ^19"
      }
    },
    "node_modules/@tanstack/react-query-devtools": {
      "version": "5.62.3",
      "resolved": "https://registry.npmjs.org/@tanstack/react-query-devtools/-/react-query-devtools-5.62.3.tgz",
      "integrity": "sha512-4iaQap/iP5ErS094u1WehFntHtjRo6g5HJMvyHovBVbsxnvgPc6AtKAw7qxPPoKy6Wj5Bew0045eYP5phiiBmw==",
      "license": "MIT",
      "dependencies": {
        "@tanstack/query-devtools": "5.61.4"
      },
      "funding": {
        "type": "github",
        "url": "https://github.com/sponsors/tannerlinsley"
      },
      "peerDependencies": {
        "@tanstack/react-query": "^5.62.3",
        "react": "^18 || ^19"
      }
    },
    "node_modules/react": {
      "version": "19.0.0",
      "resolved": "https://registry.npmjs.org/react/-/react-19.0.0.tgz",
      "integrity": "sha512-V8AVnmPIICiWpGfm6GLzCR/W5FXLchHop40W4nXBmdlEceh16rCN8O8LNWm5bh5XUX91fh7KpA+W0TgMKmgTpQ==",
      "license": "MIT",
      "peer": true,
      "engines": {
        "node": ">=0.10.0"
      }
    }
  }
}
